
Microsoft Visual Studio Solution File, Format Version 12.00
# Visual Studio 14
VisualStudioVersion = 14.0.25420.1
MinimumVisualStudioVersion = 10.0.40219.1
Project("{FAE04EC0-301F-11D3-BF4B-00C04F79EFBC}") = "JiraHandler", "JiraHandler\JiraHandler.csproj", "{B3A7AF65-EFDC-4A44-8B44-945F6DE2E389}"
EndProject
Global
	GlobalSection(SolutionConfigurationPlatforms) = preSolution
		Debug|Any CPU = Debug|Any CPU
		Release|Any CPU = Release|Any CPU
	EndGlobalSection
	GlobalSection(ProjectConfigurationPlatforms) = postSolution
		{B3A7AF65-EFDC-4A44-8B44-945F6DE2E389}.Debug|Any CPU.ActiveCfg = Debug|Any CPU
		{B3A7AF65-EFDC-4A44-8B44-945F6DE2E389}.Debug|Any CPU.Build.0 = Debug|Any CPU
		{B3A7AF65-EFDC-4A44-8B44-945F6DE2E389}.Release|Any CPU.ActiveCfg = Release|Any CPU
		{B3A7AF65-EFDC-4A44-8B44-945F6DE2E389}.Release|Any CPU.Build.0 = Release|Any CPU
	EndGlobalSection
	GlobalSection(SolutionProperties) = preSolution
		HideSolutionNode = FALSE
	EndGlobalSection
EndGlobal
